// !$*UTF8*$!
{
	archiveVersion = 1;
	classes = {
	};
	objectVersion = 56;
	objects = {

/* Begin PBXBuildFile section */
		170E48EF2BC41D0C000B6810 /* TaskRepositoryError.swift in Sources */ = {isa = PBXBuildFile; fileRef = 170E48EE2BC41D0C000B6810 /* TaskRepositoryError.swift */; };
		1715E1732BC32B4200C33A1E /* TaskEntity+CoreDataClass.swift in Sources */ = {isa = PBXBuildFile; fileRef = 1715E1712BC32B4200C33A1E /* TaskEntity+CoreDataClass.swift */; };
		1715E1742BC32B4300C33A1E /* TaskEntity+CoreDataProperties.swift in Sources */ = {isa = PBXBuildFile; fileRef = 1715E1722BC32B4200C33A1E /* TaskEntity+CoreDataProperties.swift */; };
		1715E1792BC32E5000C33A1E /* TaskRepository.swift in Sources */ = {isa = PBXBuildFile; fileRef = 1715E1782BC32E5000C33A1E /* TaskRepository.swift */; };
		1715E17B2BC33C7E00C33A1E /* TaskViewModelFactory.swift in Sources */ = {isa = PBXBuildFile; fileRef = 1715E17A2BC33C7E00C33A1E /* TaskViewModelFactory.swift */; };
		177C28C52BC14361003C78D7 /* ToDo_AppApp.swift in Sources */ = {isa = PBXBuildFile; fileRef = 177C28C42BC14361003C78D7 /* ToDo_AppApp.swift */; };
		177C28C92BC14363003C78D7 /* Assets.xcassets in Resources */ = {isa = PBXBuildFile; fileRef = 177C28C82BC14363003C78D7 /* Assets.xcassets */; };
		177C28CC2BC14363003C78D7 /* Preview Assets.xcassets in Resources */ = {isa = PBXBuildFile; fileRef = 177C28CB2BC14363003C78D7 /* Preview Assets.xcassets */; };
		177C28CE2BC14363003C78D7 /* Persistence.swift in Sources */ = {isa = PBXBuildFile; fileRef = 177C28CD2BC14363003C78D7 /* Persistence.swift */; };
		177C28D12BC14363003C78D7 /* ToDo_App.xcdatamodeld in Sources */ = {isa = PBXBuildFile; fileRef = 177C28CF2BC14363003C78D7 /* ToDo_App.xcdatamodeld */; };
		177C28DF2BC14467003C78D7 /* Date+Extension.swift in Sources */ = {isa = PBXBuildFile; fileRef = 177C28D72BC14467003C78D7 /* Date+Extension.swift */; };
		177C28E02BC14467003C78D7 /* HomeView.swift in Sources */ = {isa = PBXBuildFile; fileRef = 177C28D92BC14467003C78D7 /* HomeView.swift */; };
		177C28E12BC14467003C78D7 /* Task.swift in Sources */ = {isa = PBXBuildFile; fileRef = 177C28DB2BC14467003C78D7 /* Task.swift */; };
		177C28E22BC14467003C78D7 /* TaskViewModel.swift in Sources */ = {isa = PBXBuildFile; fileRef = 177C28DD2BC14467003C78D7 /* TaskViewModel.swift */; };
		177C28E42BC16A2B003C78D7 /* AddTaskView.swift in Sources */ = {isa = PBXBuildFile; fileRef = 177C28E32BC16A2B003C78D7 /* AddTaskView.swift */; };
		177C28E62BC1CAAF003C78D7 /* TaskDetailView.swift in Sources */ = {isa = PBXBuildFile; fileRef = 177C28E52BC1CAAF003C78D7 /* TaskDetailView.swift */; };
/* End PBXBuildFile section */

/* Begin PBXFileReference section */
		170E48EE2BC41D0C000B6810 /* TaskRepositoryError.swift */ = {isa = PBXFileReference; lastKnownFileType = sourcecode.swift; path = TaskRepositoryError.swift; sourceTree = "<group>"; };
		1715E1712BC32B4200C33A1E /* TaskEntity+CoreDataClass.swift */ = {isa = PBXFileReference; lastKnownFileType = sourcecode.swift; path = "TaskEntity+CoreDataClass.swift"; sourceTree = "<group>"; };
		1715E1722BC32B4200C33A1E /* TaskEntity+CoreDataProperties.swift */ = {isa = PBXFileReference; lastKnownFileType = sourcecode.swift; path = "TaskEntity+CoreDataProperties.swift"; sourceTree = "<group>"; };
		1715E1782BC32E5000C33A1E /* TaskRepository.swift */ = {isa = PBXFileReference; lastKnownFileType = sourcecode.swift; path = TaskRepository.swift; sourceTree = "<group>"; };
		1715E17A2BC33C7E00C33A1E /* TaskViewModelFactory.swift */ = {isa = PBXFileReference; lastKnownFileType = sourcecode.swift; path = TaskViewModelFactory.swift; sourceTree = "<group>"; };
		177C28C12BC14361003C78D7 /* ToDo App.app */ = {isa = PBXFileReference; explicitFileType = wrapper.application; includeInIndex = 0; path = "ToDo App.app"; sourceTree = BUILT_PRODUCTS_DIR; };
		177C28C42BC14361003C78D7 /* ToDo_AppApp.swift */ = {isa = PBXFileReference; lastKnownFileType = sourcecode.swift; path = ToDo_AppApp.swift; sourceTree = "<group>"; };
		177C28C82BC14363003C78D7 /* Assets.xcassets */ = {isa = PBXFileReference; lastKnownFileType = folder.assetcatalog; path = Assets.xcassets; sourceTree = "<group>"; };
		177C28CB2BC14363003C78D7 /* Preview Assets.xcassets */ = {isa = PBXFileReference; lastKnownFileType = folder.assetcatalog; path = "Preview Assets.xcassets"; sourceTree = "<group>"; };
		177C28CD2BC14363003C78D7 /* Persistence.swift */ = {isa = PBXFileReference; lastKnownFileType = sourcecode.swift; path = Persistence.swift; sourceTree = "<group>"; };
		177C28D02BC14363003C78D7 /* ToDo_App.xcdatamodel */ = {isa = PBXFileReference; lastKnownFileType = wrapper.xcdatamodel; path = ToDo_App.xcdatamodel; sourceTree = "<group>"; };
		177C28D72BC14467003C78D7 /* Date+Extension.swift */ = {isa = PBXFileReference; fileEncoding = 4; lastKnownFileType = sourcecode.swift; path = "Date+Extension.swift"; sourceTree = "<group>"; };
		177C28D92BC14467003C78D7 /* HomeView.swift */ = {isa = PBXFileReference; fileEncoding = 4; lastKnownFileType = sourcecode.swift; path = HomeView.swift; sourceTree = "<group>"; };
		177C28DB2BC14467003C78D7 /* Task.swift */ = {isa = PBXFileReference; fileEncoding = 4; lastKnownFileType = sourcecode.swift; path = Task.swift; sourceTree = "<group>"; };
		177C28DD2BC14467003C78D7 /* TaskViewModel.swift */ = {isa = PBXFileReference; fileEncoding = 4; lastKnownFileType = sourcecode.swift; path = TaskViewModel.swift; sourceTree = "<group>"; };
		177C28E32BC16A2B003C78D7 /* AddTaskView.swift */ = {isa = PBXFileReference; lastKnownFileType = sourcecode.swift; path = AddTaskView.swift; sourceTree = "<group>"; };
		177C28E52BC1CAAF003C78D7 /* TaskDetailView.swift */ = {isa = PBXFileReference; lastKnownFileType = sourcecode.swift; path = TaskDetailView.swift; sourceTree = "<group>"; };
/* End PBXFileReference section */

/* Begin PBXFrameworksBuildPhase section */
		177C28BE2BC14361003C78D7 /* Frameworks */ = {
			isa = PBXFrameworksBuildPhase;
			buildActionMask = 2147483647;
			files = (
			);
			runOnlyForDeploymentPostprocessing = 0;
		};
/* End PBXFrameworksBuildPhase section */

/* Begin PBXGroup section */
		1715E1762BC32CDC00C33A1E /* CoreData Model */ = {
			isa = PBXGroup;
			children = (
				1715E1712BC32B4200C33A1E /* TaskEntity+CoreDataClass.swift */,
				1715E1722BC32B4200C33A1E /* TaskEntity+CoreDataProperties.swift */,
			);
			path = "CoreData Model";
			sourceTree = "<group>";
		};
		1715E1772BC32D9700C33A1E /* Repository */ = {
			isa = PBXGroup;
			children = (
				1715E1782BC32E5000C33A1E /* TaskRepository.swift */,
				170E48EE2BC41D0C000B6810 /* TaskRepositoryError.swift */,
			);
			path = Repository;
			sourceTree = "<group>";
		};
		177C28B82BC14361003C78D7 = {
			isa = PBXGroup;
			children = (
				177C28C32BC14361003C78D7 /* ToDo App */,
				177C28C22BC14361003C78D7 /* Products */,
			);
			sourceTree = "<group>";
		};
		177C28C22BC14361003C78D7 /* Products */ = {
			isa = PBXGroup;
			children = (
				177C28C12BC14361003C78D7 /* ToDo App.app */,
			);
			name = Products;
			sourceTree = "<group>";
		};
		177C28C32BC14361003C78D7 /* ToDo App */ = {
			isa = PBXGroup;
			children = (
				1715E1772BC32D9700C33A1E /* Repository */,
				177C28D82BC14467003C78D7 /* Extention */,
				177C28DC2BC14467003C78D7 /* Model */,
				177C28DA2BC14467003C78D7 /* View */,
				177C28DE2BC14467003C78D7 /* ViewModel */,
				177C28C42BC14361003C78D7 /* ToDo_AppApp.swift */,
				177C28C82BC14363003C78D7 /* Assets.xcassets */,
				177C28CD2BC14363003C78D7 /* Persistence.swift */,
				177C28CF2BC14363003C78D7 /* ToDo_App.xcdatamodeld */,
				177C28CA2BC14363003C78D7 /* Preview Content */,
			);
			path = "ToDo App";
			sourceTree = "<group>";
		};
		177C28CA2BC14363003C78D7 /* Preview Content */ = {
			isa = PBXGroup;
			children = (
				177C28CB2BC14363003C78D7 /* Preview Assets.xcassets */,
			);
			path = "Preview Content";
			sourceTree = "<group>";
		};
		177C28D82BC14467003C78D7 /* Extention */ = {
			isa = PBXGroup;
			children = (
				177C28D72BC14467003C78D7 /* Date+Extension.swift */,
			);
			path = Extention;
			sourceTree = SOURCE_ROOT;
		};
		177C28DA2BC14467003C78D7 /* View */ = {
			isa = PBXGroup;
			children = (
				177C28D92BC14467003C78D7 /* HomeView.swift */,
				177C28E32BC16A2B003C78D7 /* AddTaskView.swift */,
				177C28E52BC1CAAF003C78D7 /* TaskDetailView.swift */,
			);
			path = View;
			sourceTree = SOURCE_ROOT;
		};
		177C28DC2BC14467003C78D7 /* Model */ = {
			isa = PBXGroup;
			children = (
				1715E1762BC32CDC00C33A1E /* CoreData Model */,
				177C28DB2BC14467003C78D7 /* Task.swift */,
			);
			path = Model;
			sourceTree = SOURCE_ROOT;
		};
		177C28DE2BC14467003C78D7 /* ViewModel */ = {
			isa = PBXGroup;
			children = (
				177C28DD2BC14467003C78D7 /* TaskViewModel.swift */,
				1715E17A2BC33C7E00C33A1E /* TaskViewModelFactory.swift */,
			);
			path = ViewModel;
			sourceTree = SOURCE_ROOT;
		};
/* End PBXGroup section */

/* Begin PBXNativeTarget section */
		177C28C02BC14361003C78D7 /* ToDo App */ = {
			isa = PBXNativeTarget;
			buildConfigurationList = 177C28D42BC14363003C78D7 /* Build configuration list for PBXNativeTarget "ToDo App" */;
			buildPhases = (
				177C28BD2BC14361003C78D7 /* Sources */,
				177C28BE2BC14361003C78D7 /* Frameworks */,
				177C28BF2BC14361003C78D7 /* Resources */,
			);
			buildRules = (
			);
			dependencies = (
			);
			name = "ToDo App";
			productName = "ToDo App";
			productReference = 177C28C12BC14361003C78D7 /* ToDo App.app */;
			productType = "com.apple.product-type.application";
		};
/* End PBXNativeTarget section */

/* Begin PBXProject section */
		177C28B92BC14361003C78D7 /* Project object */ = {
			isa = PBXProject;
			attributes = {
				BuildIndependentTargetsInParallel = 1;
				LastSwiftUpdateCheck = 1530;
				LastUpgradeCheck = 1530;
				TargetAttributes = {
					177C28C02BC14361003C78D7 = {
						CreatedOnToolsVersion = 15.3;
					};
				};
			};
			buildConfigurationList = 177C28BC2BC14361003C78D7 /* Build configuration list for PBXProject "ToDo App" */;
			compatibilityVersion = "Xcode 14.0";
			developmentRegion = en;
			hasScannedForEncodings = 0;
			knownRegions = (
				en,
				Base,
			);
			mainGroup = 177C28B82BC14361003C78D7;
			productRefGroup = 177C28C22BC14361003C78D7 /* Products */;
			projectDirPath = "";
			projectRoot = "";
			targets = (
				177C28C02BC14361003C78D7 /* ToDo App */,
			);
		};
/* End PBXProject section */

/* Begin PBXResourcesBuildPhase section */
		177C28BF2BC14361003C78D7 /* Resources */ = {
			isa = PBXResourcesBuildPhase;
			buildActionMask = 2147483647;
			files = (
				177C28CC2BC14363003C78D7 /* Preview Assets.xcassets in Resources */,
				177C28C92BC14363003C78D7 /* Assets.xcassets in Resources */,
			);
			runOnlyForDeploymentPostprocessing = 0;
		};
/* End PBXResourcesBuildPhase section */

/* Begin PBXSourcesBuildPhase section */
		177C28BD2BC14361003C78D7 /* Sources */ = {
			isa = PBXSourcesBuildPhase;
			buildActionMask = 2147483647;
			files = (
				177C28CE2BC14363003C78D7 /* Persistence.swift in Sources */,
				170E48EF2BC41D0C000B6810 /* TaskRepositoryError.swift in Sources */,
				177C28E22BC14467003C78D7 /* TaskViewModel.swift in Sources */,
				177C28DF2BC14467003C78D7 /* Date+Extension.swift in Sources */,
				177C28E42BC16A2B003C78D7 /* AddTaskView.swift in Sources */,
				177C28C52BC14361003C78D7 /* ToDo_AppApp.swift in Sources */,
				177C28E02BC14467003C78D7 /* HomeView.swift in Sources */,
				1715E17B2BC33C7E00C33A1E /* TaskViewModelFactory.swift in Sources */,
				1715E1792BC32E5000C33A1E /* TaskRepository.swift in Sources */,
				1715E1732BC32B4200C33A1E /* TaskEntity+CoreDataClass.swift in Sources */,
				1715E1742BC32B4300C33A1E /* TaskEntity+CoreDataProperties.swift in Sources */,
				177C28E12BC14467003C78D7 /* Task.swift in Sources */,
				177C28D12BC14363003C78D7 /* ToDo_App.xcdatamodeld in Sources */,
				177C28E62BC1CAAF003C78D7 /* TaskDetailView.swift in Sources */,
			);
			runOnlyForDeploymentPostprocessing = 0;
		};
/* End PBXSourcesBuildPhase section */

/* Begin XCBuildConfiguration section */
		177C28D22BC14363003C78D7 /* Debug */ = {
			isa = XCBuildConfiguration;
			buildSettings = {
				ALWAYS_SEARCH_USER_PATHS = NO;
				ASSETCATALOG_COMPILER_GENERATE_SWIFT_ASSET_SYMBOL_EXTENSIONS = YES;
				CLANG_ANALYZER_NONNULL = YES;
				CLANG_ANALYZER_NUMBER_OBJECT_CONVERSION = YES_AGGRESSIVE;
				CLANG_CXX_LANGUAGE_STANDARD = "gnu++20";
				CLANG_ENABLE_MODULES = YES;
				CLANG_ENABLE_OBJC_ARC = YES;
				CLANG_ENABLE_OBJC_WEAK = YES;
				CLANG_WARN_BLOCK_CAPTURE_AUTORELEASING = YES;
				CLANG_WARN_BOOL_CONVERSION = YES;
				CLANG_WARN_COMMA = YES;
				CLANG_WARN_CONSTANT_CONVERSION = YES;
				CLANG_WARN_DEPRECATED_OBJC_IMPLEMENTATIONS = YES;
				CLANG_WARN_DIRECT_OBJC_ISA_USAGE = YES_ERROR;
				CLANG_WARN_DOCUMENTATION_COMMENTS = YES;
				CLANG_WARN_EMPTY_BODY = YES;
				CLANG_WARN_ENUM_CONVERSION = YES;
				CLANG_WARN_INFINITE_RECURSION = YES;
				CLANG_WARN_INT_CONVERSION = YES;
				CLANG_WARN_NON_LITERAL_NULL_CONVERSION = YES;
				CLANG_WARN_OBJC_IMPLICIT_RETAIN_SELF = YES;
				CLANG_WARN_OBJC_LITERAL_CONVERSION = YES;
				CLANG_WARN_OBJC_ROOT_CLASS = YES_ERROR;
				CLANG_WARN_QUOTED_INCLUDE_IN_FRAMEWORK_HEADER = YES;
				CLANG_WARN_RANGE_LOOP_ANALYSIS = YES;
				CLANG_WARN_STRICT_PROTOTYPES = YES;
				CLANG_WARN_SUSPICIOUS_MOVE = YES;
				CLANG_WARN_UNGUARDED_AVAILABILITY = YES_AGGRESSIVE;
				CLANG_WARN_UNREACHABLE_CODE = YES;
				CLANG_WARN__DUPLICATE_METHOD_MATCH = YES;
				COPY_PHASE_STRIP = NO;
				DEBUG_INFORMATION_FORMAT = dwarf;
				ENABLE_STRICT_OBJC_MSGSEND = YES;
				ENABLE_TESTABILITY = YES;
				ENABLE_USER_SCRIPT_SANDBOXING = YES;
				GCC_C_LANGUAGE_STANDARD = gnu17;
				GCC_DYNAMIC_NO_PIC = NO;
				GCC_NO_COMMON_BLOCKS = YES;
				GCC_OPTIMIZATION_LEVEL = 0;
				GCC_PREPROCESSOR_DEFINITIONS = (
					"DEBUG=1",
					"$(inherited)",
				);
				GCC_WARN_64_TO_32_BIT_CONVERSION = YES;
				GCC_WARN_ABOUT_RETURN_TYPE = YES_ERROR;
				GCC_WARN_UNDECLARED_SELECTOR = YES;
				GCC_WARN_UNINITIALIZED_AUTOS = YES_AGGRESSIVE;
				GCC_WARN_UNUSED_FUNCTION = YES;
				GCC_WARN_UNUSED_VARIABLE = YES;
				IPHONEOS_DEPLOYMENT_TARGET = 17.4;
				LOCALIZATION_PREFERS_STRING_CATALOGS = YES;
				MTL_ENABLE_DEBUG_INFO = INCLUDE_SOURCE;
				MTL_FAST_MATH = YES;
				ONLY_ACTIVE_ARCH = YES;
				SDKROOT = iphoneos;
				SWIFT_ACTIVE_COMPILATION_CONDITIONS = "DEBUG $(inherited)";
				SWIFT_OPTIMIZATION_LEVEL = "-Onone";
			};
			name = Debug;
		};
		177C28D32BC14363003C78D7 /* Release */ = {
			isa = XCBuildConfiguration;
			buildSettings = {
				ALWAYS_SEARCH_USER_PATHS = NO;
				ASSETCATALOG_COMPILER_GENERATE_SWIFT_ASSET_SYMBOL_EXTENSIONS = YES;
				CLANG_ANALYZER_NONNULL = YES;
				CLANG_ANALYZER_NUMBER_OBJECT_CONVERSION = YES_AGGRESSIVE;
				CLANG_CXX_LANGUAGE_STANDARD = "gnu++20";
				CLANG_ENABLE_MODULES = YES;
				CLANG_ENABLE_OBJC_ARC = YES;
				CLANG_ENABLE_OBJC_WEAK = YES;
				CLANG_WARN_BLOCK_CAPTURE_AUTORELEASING = YES;
				CLANG_WARN_BOOL_CONVERSION = YES;
				CLANG_WARN_COMMA = YES;
				CLANG_WARN_CONSTANT_CONVERSION = YES;
				CLANG_WARN_DEPRECATED_OBJC_IMPLEMENTATIONS = YES;
				CLANG_WARN_DIRECT_OBJC_ISA_USAGE = YES_ERROR;
				CLANG_WARN_DOCUMENTATION_COMMENTS = YES;
				CLANG_WARN_EMPTY_BODY = YES;
				CLANG_WARN_ENUM_CONVERSION = YES;
				CLANG_WARN_INFINITE_RECURSION = YES;
				CLANG_WARN_INT_CONVERSION = YES;
				CLANG_WARN_NON_LITERAL_NULL_CONVERSION = YES;
				CLANG_WARN_OBJC_IMPLICIT_RETAIN_SELF = YES;
				CLANG_WARN_OBJC_LITERAL_CONVERSION = YES;
				CLANG_WARN_OBJC_ROOT_CLASS = YES_ERROR;
				CLANG_WARN_QUOTED_INCLUDE_IN_FRAMEWORK_HEADER = YES;
				CLANG_WARN_RANGE_LOOP_ANALYSIS = YES;
				CLANG_WARN_STRICT_PROTOTYPES = YES;
				CLANG_WARN_SUSPICIOUS_MOVE = YES;
				CLANG_WARN_UNGUARDED_AVAILABILITY = YES_AGGRESSIVE;
				CLANG_WARN_UNREACHABLE_CODE = YES;
				CLANG_WARN__DUPLICATE_METHOD_MATCH = YES;
				COPY_PHASE_STRIP = NO;
				DEBUG_INFORMATION_FORMAT = "dwarf-with-dsym";
				ENABLE_NS_ASSERTIONS = NO;
				ENABLE_STRICT_OBJC_MSGSEND = YES;
				ENABLE_USER_SCRIPT_SANDBOXING = YES;
				GCC_C_LANGUAGE_STANDARD = gnu17;
				GCC_NO_COMMON_BLOCKS = YES;
				GCC_WARN_64_TO_32_BIT_CONVERSION = YES;
				GCC_WARN_ABOUT_RETURN_TYPE = YES_ERROR;
				GCC_WARN_UNDECLARED_SELECTOR = YES;
				GCC_WARN_UNINITIALIZED_AUTOS = YES_AGGRESSIVE;
				GCC_WARN_UNUSED_FUNCTION = YES;
				GCC_WARN_UNUSED_VARIABLE = YES;
				IPHONEOS_DEPLOYMENT_TARGET = 17.4;
				LOCALIZATION_PREFERS_STRING_CATALOGS = YES;
				MTL_ENABLE_DEBUG_INFO = NO;
				MTL_FAST_MATH = YES;
				SDKROOT = iphoneos;
				SWIFT_COMPILATION_MODE = wholemodule;
				VALIDATE_PRODUCT = YES;
			};
			name = Release;
		};
		177C28D52BC14363003C78D7 /* Debug */ = {
			isa = XCBuildConfiguration;
			buildSettings = {
				ASSETCATALOG_COMPILER_APPICON_NAME = AppIcon;
				ASSETCATALOG_COMPILER_GLOBAL_ACCENT_COLOR_NAME = AccentColor;
				CODE_SIGN_STYLE = Automatic;
				CURRENT_PROJECT_VERSION = 1;
				DEVELOPMENT_ASSET_PATHS = "\"ToDo App/Preview Content\"";
				DEVELOPMENT_TEAM = D5F5A54PD5;
				ENABLE_PREVIEWS = YES;
				GENERATE_INFOPLIST_FILE = YES;
				INFOPLIST_KEY_UIApplicationSceneManifest_Generation = YES;
				INFOPLIST_KEY_UIApplicationSupportsIndirectInputEvents = YES;
				INFOPLIST_KEY_UILaunchScreen_Generation = YES;
				INFOPLIST_KEY_UISupportedInterfaceOrientations_iPad = "UIInterfaceOrientationPortrait UIInterfaceOrientationPortraitUpsideDown UIInterfaceOrientationLandscapeLeft UIInterfaceOrientationLandscapeRight";
				INFOPLIST_KEY_UISupportedInterfaceOrientations_iPhone = "UIInterfaceOrientationPortrait UIInterfaceOrientationLandscapeLeft UIInterfaceOrientationLandscapeRight";
				IPHONEOS_DEPLOYMENT_TARGET = 17.0;
				LD_RUNPATH_SEARCH_PATHS = (
					"$(inherited)",
					"@executable_path/Frameworks",
				);
				MARKETING_VERSION = 1.0;
				PRODUCT_BUNDLE_IDENTIFIER = "com.maps.gro.Hike-App";
				PRODUCT_NAME = "$(TARGET_NAME)";
				SWIFT_EMIT_LOC_STRINGS = YES;
				SWIFT_VERSION = 5.0;
				TARGETED_DEVICE_FAMILY = "1,2";
			};
			name = Debug;
		};
		177C28D62BC14363003C78D7 /* Release */ = {
			isa = XCBuildConfiguration;
			buildSettings = {
				ASSETCATALOG_COMPILER_APPICON_NAME = AppIcon;
				ASSETCATALOG_COMPILER_GLOBAL_ACCENT_COLOR_NAME = AccentColor;
				CODE_SIGN_STYLE = Automatic;
				CURRENT_PROJECT_VERSION = 1;
				DEVELOPMENT_ASSET_PATHS = "\"ToDo App/Preview Content\"";
				DEVELOPMENT_TEAM = D5F5A54PD5;
				ENABLE_PREVIEWS = YES;
				GENERATE_INFOPLIST_FILE = YES;
				INFOPLIST_KEY_UIApplicationSceneManifest_Generation = YES;
				INFOPLIST_KEY_UIApplicationSupportsIndirectInputEvents = YES;
				INFOPLIST_KEY_UILaunchScreen_Generation = YES;
				INFOPLIST_KEY_UISupportedInterfaceOrientations_iPad = "UIInterfaceOrientationPortrait UIInterfaceOrientationPortraitUpsideDown UIInterfaceOrientationLandscapeLeft UIInterfaceOrientationLandscapeRight";
				INFOPLIST_KEY_UISupportedInterfaceOrientations_iPhone = "UIInterfaceOrientationPortrait UIInterfaceOrientationLandscapeLeft UIInterfaceOrientationLandscapeRight";
				IPHONEOS_DEPLOYMENT_TARGET = 17.0;
				LD_RUNPATH_SEARCH_PATHS = (
					"$(inherited)",
					"@executable_path/Frameworks",
				);
				MARKETING_VERSION = 1.0;
				PRODUCT_BUNDLE_IDENTIFIER = "com.maps.gro.Hike-App";
				PRODUCT_NAME = "$(TARGET_NAME)";
				SWIFT_EMIT_LOC_STRINGS = YES;
				SWIFT_VERSION = 5.0;
				TARGETED_DEVICE_FAMILY = "1,2";
			};
			name = Release;
		};
/* End XCBuildConfiguration section */

/* Begin XCConfigurationList section */
		177C28BC2BC14361003C78D7 /* Build configuration list for PBXProject "ToDo App" */ = {
			isa = XCConfigurationList;
			buildConfigurations = (
				177C28D22BC14363003C78D7 /* Debug */,
				177C28D32BC14363003C78D7 /* Release */,
			);
			defaultConfigurationIsVisible = 0;
			defaultConfigurationName = Release;
		};
		177C28D42BC14363003C78D7 /* Build configuration list for PBXNativeTarget "ToDo App" */ = {
			isa = XCConfigurationList;
			buildConfigurations = (
				177C28D52BC14363003C78D7 /* Debug */,
				177C28D62BC14363003C78D7 /* Release */,
			);
			defaultConfigurationIsVisible = 0;
			defaultConfigurationName = Release;
		};
/* End XCConfigurationList section */

/* Begin XCVersionGroup section */
		177C28CF2BC14363003C78D7 /* ToDo_App.xcdatamodeld */ = {
			isa = XCVersionGroup;
			children = (
				177C28D02BC14363003C78D7 /* ToDo_App.xcdatamodel */,
			);
			currentVersion = 177C28D02BC14363003C78D7 /* ToDo_App.xcdatamodel */;
			path = ToDo_App.xcdatamodeld;
			sourceTree = "<group>";
			versionGroupType = wrapper.xcdatamodel;
		};
/* End XCVersionGroup section */
	};
	rootObject = 177C28B92BC14361003C78D7 /* Project object */;
}
